
Microsoft Visual Studio Solution File, Format Version 12.00
# Visual Studio Version 16
VisualStudioVersion = 16.0.30225.117
MinimumVisualStudioVersion = 10.0.40219.1
Project("{FAE04EC0-301F-11D3-BF4B-00C04F79EFBC}") = "EmployeeService", "EmployeeService\EmployeeService.csproj", "{798A9D00-7331-4C69-9F61-DDC77117B2E6}"
EndProject
Global
	GlobalSection(SolutionConfigurationPlatforms) = preSolution
		Debug|Any CPU = Debug|Any CPU
		Release|Any CPU = Release|Any CPU
	EndGlobalSection
	GlobalSection(ProjectConfigurationPlatforms) = postSolution
		{798A9D00-7331-4C69-9F61-DDC77117B2E6}.Debug|Any CPU.ActiveCfg = Debug|Any CPU
		{798A9D00-7331-4C69-9F61-DDC77117B2E6}.Debug|Any CPU.Build.0 = Debug|Any CPU
		{798A9D00-7331-4C69-9F61-DDC77117B2E6}.Release|Any CPU.ActiveCfg = Release|Any CPU
		{798A9D00-7331-4C69-9F61-DDC77117B2E6}.Release|Any CPU.Build.0 = Release|Any CPU
	EndGlobalSection
	GlobalSection(SolutionProperties) = preSolution
		HideSolutionNode = FALSE
	EndGlobalSection
	GlobalSection(ExtensibilityGlobals) = postSolution
		SolutionGuid = {52F61B07-60F6-407A-8F65-B735AEDB106E}
	EndGlobalSection
EndGlobal
